
Microsoft Visual Studio Solution File, Format Version 12.00
# Visual Studio Version 17
VisualStudioVersion = 17.7.34031.279
MinimumVisualStudioVersion = 10.0.40219.1
Project("{9A19103F-16F7-4668-BE54-9A1E7A4F7556}") = "NIA6HM_HFT_2023241.Client", "NIA6HM_HFT_2023241.Client\NIA6HM_HFT_2023241.Client.csproj", "{DB7528C0-CFCF-4AF9-BA5F-14629362864B}"
EndProject
Project("{9A19103F-16F7-4668-BE54-9A1E7A4F7556}") = "NIA6HM_HFT_2023241.Models", "NIA6HM_HFT_2023241.Models\NIA6HM_HFT_2023241.Models.csproj", "{847BA177-0E35-4931-9690-2E5121710F4E}"
EndProject
Project("{9A19103F-16F7-4668-BE54-9A1E7A4F7556}") = "NIA6HM_HFT_2023241.Logic", "NIA6HM_HFT_2023241.Logic\NIA6HM_HFT_2023241.Logic.csproj", "{A658109E-3DEE-4180-919E-4C682B653E6D}"
EndProject
Project("{9A19103F-16F7-4668-BE54-9A1E7A4F7556}") = "NIA6HM_HFT_2023241.Repository", "NIA6HM_HFT_2023241.Repository\NIA6HM_HFT_2023241.Repository.csproj", "{92ACE639-B6D9-4751-8800-A1CAEF184E53}"
EndProject
Project("{9A19103F-16F7-4668-BE54-9A1E7A4F7556}") = "NIA6HM_HFT_2023241.Test", "NIA6HM_HFT_2023241.Test\NIA6HM_HFT_2023241.Test.csproj", "{65765F52-98B3-41AA-9A93-473A6317F3D3}"
EndProject
Project("{9A19103F-16F7-4668-BE54-9A1E7A4F7556}") = "NIA6HM_HFT_2023241.Endpoint", "NIA6HM_HFT_2023241.Endpoint\NIA6HM_HFT_2023241.Endpoint.csproj", "{3D30AA33-8331-4AEC-B02D-958D65CDC241}"
EndProject
Project("{2150E333-8FDC-42A3-9474-1A3956D46DE8}") = "Backend", "Backend", "{E08EC261-A0E8-479E-B447-4DE3C7020F4D}"
EndProject
Project("{2150E333-8FDC-42A3-9474-1A3956D46DE8}") = "Frontend", "Frontend", "{3E1C0DAE-EC2A-428B-A98F-8EDD99BA4CD2}"
EndProject
Project("{2150E333-8FDC-42A3-9474-1A3956D46DE8}") = "Shared", "Shared", "{22D2C00C-4DB0-438E-92EF-6A59703311A4}"
EndProject
Project("{2150E333-8FDC-42A3-9474-1A3956D46DE8}") = "Others", "Others", "{32B8A2C1-D4AD-4585-881B-499E32725C68}"
	ProjectSection(SolutionItems) = preProject
		.gitignore = .gitignore
	EndProjectSection
EndProject
Project("{9A19103F-16F7-4668-BE54-9A1E7A4F7556}") = "NIA6HM_SZTGUI_2023242.WpfClient", "NIA6HM_SZTGUI_2023242.WpfClient\NIA6HM_SZTGUI_2023242.WpfClient.csproj", "{F9AE8BF0-3C0D-4343-9223-B9C1D5C6F9B1}"
EndProject
Project("{FAE04EC0-301F-11D3-BF4B-00C04F79EFBC}") = "NIA6HM_SZTGUI_2023242.JSClient", "NIA6HM_SZTGUI_2023242.JSClient\NIA6HM_SZTGUI_2023242.JSClient.csproj", "{33B69B8F-3965-4635-A803-47BF5036993B}"
EndProject
Global
	GlobalSection(SolutionConfigurationPlatforms) = preSolution
		Debug|Any CPU = Debug|Any CPU
		Release|Any CPU = Release|Any CPU
	EndGlobalSection
	GlobalSection(ProjectConfigurationPlatforms) = postSolution
		{DB7528C0-CFCF-4AF9-BA5F-14629362864B}.Debug|Any CPU.ActiveCfg = Debug|Any CPU
		{DB7528C0-CFCF-4AF9-BA5F-14629362864B}.Debug|Any CPU.Build.0 = Debug|Any CPU
		{DB7528C0-CFCF-4AF9-BA5F-14629362864B}.Release|Any CPU.ActiveCfg = Release|Any CPU
		{DB7528C0-CFCF-4AF9-BA5F-14629362864B}.Release|Any CPU.Build.0 = Release|Any CPU
		{847BA177-0E35-4931-9690-2E5121710F4E}.Debug|Any CPU.ActiveCfg = Debug|Any CPU
		{847BA177-0E35-4931-9690-2E5121710F4E}.Debug|Any CPU.Build.0 = Debug|Any CPU
		{847BA177-0E35-4931-9690-2E5121710F4E}.Release|Any CPU.ActiveCfg = Release|Any CPU
		{847BA177-0E35-4931-9690-2E5121710F4E}.Release|Any CPU.Build.0 = Release|Any CPU
		{A658109E-3DEE-4180-919E-4C682B653E6D}.Debug|Any CPU.ActiveCfg = Debug|Any CPU
		{A658109E-3DEE-4180-919E-4C682B653E6D}.Debug|Any CPU.Build.0 = Debug|Any CPU
		{A658109E-3DEE-4180-919E-4C682B653E6D}.Release|Any CPU.ActiveCfg = Release|Any CPU
		{A658109E-3DEE-4180-919E-4C682B653E6D}.Release|Any CPU.Build.0 = Release|Any CPU
		{92ACE639-B6D9-4751-8800-A1CAEF184E53}.Debug|Any CPU.ActiveCfg = Debug|Any CPU
		{92ACE639-B6D9-4751-8800-A1CAEF184E53}.Debug|Any CPU.Build.0 = Debug|Any CPU
		{92ACE639-B6D9-4751-8800-A1CAEF184E53}.Release|Any CPU.ActiveCfg = Release|Any CPU
		{92ACE639-B6D9-4751-8800-A1CAEF184E53}.Release|Any CPU.Build.0 = Release|Any CPU
		{65765F52-98B3-41AA-9A93-473A6317F3D3}.Debug|Any CPU.ActiveCfg = Debug|Any CPU
		{65765F52-98B3-41AA-9A93-473A6317F3D3}.Debug|Any CPU.Build.0 = Debug|Any CPU
		{65765F52-98B3-41AA-9A93-473A6317F3D3}.Release|Any CPU.ActiveCfg = Release|Any CPU
		{65765F52-98B3-41AA-9A93-473A6317F3D3}.Release|Any CPU.Build.0 = Release|Any CPU
		{3D30AA33-8331-4AEC-B02D-958D65CDC241}.Debug|Any CPU.ActiveCfg = Debug|Any CPU
		{3D30AA33-8331-4AEC-B02D-958D65CDC241}.Debug|Any CPU.Build.0 = Debug|Any CPU
		{3D30AA33-8331-4AEC-B02D-958D65CDC241}.Release|Any CPU.ActiveCfg = Release|Any CPU
		{3D30AA33-8331-4AEC-B02D-958D65CDC241}.Release|Any CPU.Build.0 = Release|Any CPU
		{F9AE8BF0-3C0D-4343-9223-B9C1D5C6F9B1}.Debug|Any CPU.ActiveCfg = Debug|Any CPU
		{F9AE8BF0-3C0D-4343-9223-B9C1D5C6F9B1}.Debug|Any CPU.Build.0 = Debug|Any CPU
		{F9AE8BF0-3C0D-4343-9223-B9C1D5C6F9B1}.Release|Any CPU.ActiveCfg = Release|Any CPU
		{F9AE8BF0-3C0D-4343-9223-B9C1D5C6F9B1}.Release|Any CPU.Build.0 = Release|Any CPU
		{33B69B8F-3965-4635-A803-47BF5036993B}.Debug|Any CPU.ActiveCfg = Debug|Any CPU
		{33B69B8F-3965-4635-A803-47BF5036993B}.Debug|Any CPU.Build.0 = Debug|Any CPU
		{33B69B8F-3965-4635-A803-47BF5036993B}.Release|Any CPU.ActiveCfg = Release|Any CPU
		{33B69B8F-3965-4635-A803-47BF5036993B}.Release|Any CPU.Build.0 = Release|Any CPU
	EndGlobalSection
	GlobalSection(SolutionProperties) = preSolution
		HideSolutionNode = FALSE
	EndGlobalSection
	GlobalSection(NestedProjects) = preSolution
		{DB7528C0-CFCF-4AF9-BA5F-14629362864B} = {3E1C0DAE-EC2A-428B-A98F-8EDD99BA4CD2}
		{847BA177-0E35-4931-9690-2E5121710F4E} = {22D2C00C-4DB0-438E-92EF-6A59703311A4}
		{A658109E-3DEE-4180-919E-4C682B653E6D} = {E08EC261-A0E8-479E-B447-4DE3C7020F4D}
		{92ACE639-B6D9-4751-8800-A1CAEF184E53} = {E08EC261-A0E8-479E-B447-4DE3C7020F4D}
		{65765F52-98B3-41AA-9A93-473A6317F3D3} = {E08EC261-A0E8-479E-B447-4DE3C7020F4D}
		{3D30AA33-8331-4AEC-B02D-958D65CDC241} = {E08EC261-A0E8-479E-B447-4DE3C7020F4D}
	EndGlobalSection
	GlobalSection(ExtensibilityGlobals) = postSolution
		SolutionGuid = {13F5DE68-600E-49C8-91CA-89394CDCC908}
	EndGlobalSection
EndGlobal
